
Microsoft Visual Studio Solution File, Format Version 12.00
# Visual Studio Version 16
VisualStudioVersion = 16.0.31702.278
MinimumVisualStudioVersion = 10.0.40219.1
Project("{FAE04EC0-301F-11D3-BF4B-00C04F79EFBC}") = "rr1s", "rr1s\rr1s.csproj", "{436C46D6-AF5F-4DED-93E5-B36861CCAE06}"
EndProject
Global
	GlobalSection(SolutionConfigurationPlatforms) = preSolution
		Debug|Any CPU = Debug|Any CPU
		Release|Any CPU = Release|Any CPU
	EndGlobalSection
	GlobalSection(ProjectConfigurationPlatforms) = postSolution
		{436C46D6-AF5F-4DED-93E5-B36861CCAE06}.Debug|Any CPU.ActiveCfg = Debug|Any CPU
		{436C46D6-AF5F-4DED-93E5-B36861CCAE06}.Debug|Any CPU.Build.0 = Debug|Any CPU
		{436C46D6-AF5F-4DED-93E5-B36861CCAE06}.Release|Any CPU.ActiveCfg = Release|Any CPU
		{436C46D6-AF5F-4DED-93E5-B36861CCAE06}.Release|Any CPU.Build.0 = Release|Any CPU
	EndGlobalSection
	GlobalSection(SolutionProperties) = preSolution
		HideSolutionNode = FALSE
	EndGlobalSection
	GlobalSection(ExtensibilityGlobals) = postSolution
		SolutionGuid = {20A63FA3-9919-469B-B044-D090F3252FC6}
	EndGlobalSection
EndGlobal
